
Microsoft Visual Studio Solution File, Format Version 11.00
# Visual Studio 2010
Project("{FAE04EC0-301F-11D3-BF4B-00C04F79EFBC}") = "Assembly-CSharp", "Assembly-CSharp.csproj", "{F546BF44-A654-193A-2B06-FE6D8A398369}"
EndProject
Global
	GlobalSection(SolutionConfigurationPlatforms) = preSolution
		Debug|Any CPU = Debug|Any CPU
		Release|Any CPU = Release|Any CPU
	EndGlobalSection
	GlobalSection(ProjectConfigurationPlatforms) = postSolution
		{F546BF44-A654-193A-2B06-FE6D8A398369}.Debug|Any CPU.ActiveCfg = Debug|Any CPU
		{F546BF44-A654-193A-2B06-FE6D8A398369}.Debug|Any CPU.Build.0 = Debug|Any CPU
		{F546BF44-A654-193A-2B06-FE6D8A398369}.Release|Any CPU.ActiveCfg = Release|Any CPU
		{F546BF44-A654-193A-2B06-FE6D8A398369}.Release|Any CPU.Build.0 = Release|Any CPU
	EndGlobalSection
	GlobalSection(SolutionProperties) = preSolution
		HideSolutionNode = FALSE
	EndGlobalSection
	GlobalSection(MonoDevelopProperties) = preSolution
		StartupItem = Assembly-CSharp.csproj
	EndGlobalSection
EndGlobal
